
Microsoft Visual Studio Solution File, Format Version 12.00
# Visual Studio 2010
Project("{8BC9CEB8-8B4A-11D0-8D11-00A0C91BC942}") = "UI", "UI\UI.vcxproj", "{679733D2-DE2F-4101-A07D-1996E6589184}"
EndProject
Project("{8BC9CEB8-8B4A-11D0-8D11-00A0C91BC942}") = "Main", "Main\Main.vcxproj", "{4C90D7E1-4271-4142-B4BC-8B4792BD7ABF}"
EndProject
Project("{8BC9CEB8-8B4A-11D0-8D11-00A0C91BC942}") = "Script", "Script\Script.vcxproj", "{5FE79A0C-5CEC-437E-83B6-72ACE0C4DFD6}"
EndProject
Project("{2150E333-8FDC-42A3-9474-1A3956D46DE8}") = "Solution Items", "Solution Items", "{36BE8519-503F-4057-BD8E-F657CDDBD36D}"
	ProjectSection(SolutionItems) = preProject
		readme.txt = readme.txt
	EndProjectSection
EndProject
Project("{8BC9CEB8-8B4A-11D0-8D11-00A0C91BC942}") = "PhysicsEngine", "Physics\PhysicsEngine\PhysicsEngine.vcxproj", "{840893DD-7947-438C-81F1-6B9BE99D67E6}"
EndProject
Project("{8BC9CEB8-8B4A-11D0-8D11-00A0C91BC942}") = "PhysicsManager", "Physics\PhysicsManager\PhysicsManager.vcxproj", "{72F60B48-45B4-4148-B313-34139150E2D6}"
EndProject
Global
	GlobalSection(SolutionConfigurationPlatforms) = preSolution
		Debug|Win32 = Debug|Win32
		Release|Win32 = Release|Win32
	EndGlobalSection
	GlobalSection(ProjectConfigurationPlatforms) = postSolution
		{679733D2-DE2F-4101-A07D-1996E6589184}.Debug|Win32.ActiveCfg = Debug|Win32
		{679733D2-DE2F-4101-A07D-1996E6589184}.Debug|Win32.Build.0 = Debug|Win32
		{679733D2-DE2F-4101-A07D-1996E6589184}.Release|Win32.ActiveCfg = Release|Win32
		{679733D2-DE2F-4101-A07D-1996E6589184}.Release|Win32.Build.0 = Release|Win32
		{4C90D7E1-4271-4142-B4BC-8B4792BD7ABF}.Debug|Win32.ActiveCfg = Debug|Win32
		{4C90D7E1-4271-4142-B4BC-8B4792BD7ABF}.Debug|Win32.Build.0 = Debug|Win32
		{4C90D7E1-4271-4142-B4BC-8B4792BD7ABF}.Release|Win32.ActiveCfg = Release|Win32
		{4C90D7E1-4271-4142-B4BC-8B4792BD7ABF}.Release|Win32.Build.0 = Release|Win32
		{5FE79A0C-5CEC-437E-83B6-72ACE0C4DFD6}.Debug|Win32.ActiveCfg = Debug|Win32
		{5FE79A0C-5CEC-437E-83B6-72ACE0C4DFD6}.Debug|Win32.Build.0 = Debug|Win32
		{5FE79A0C-5CEC-437E-83B6-72ACE0C4DFD6}.Release|Win32.ActiveCfg = Release|Win32
		{5FE79A0C-5CEC-437E-83B6-72ACE0C4DFD6}.Release|Win32.Build.0 = Release|Win32
		{840893DD-7947-438C-81F1-6B9BE99D67E6}.Debug|Win32.ActiveCfg = Debug|Win32
		{840893DD-7947-438C-81F1-6B9BE99D67E6}.Debug|Win32.Build.0 = Debug|Win32
		{840893DD-7947-438C-81F1-6B9BE99D67E6}.Release|Win32.ActiveCfg = Release|Win32
		{840893DD-7947-438C-81F1-6B9BE99D67E6}.Release|Win32.Build.0 = Release|Win32
		{72F60B48-45B4-4148-B313-34139150E2D6}.Debug|Win32.ActiveCfg = Debug|Win32
		{72F60B48-45B4-4148-B313-34139150E2D6}.Debug|Win32.Build.0 = Debug|Win32
		{72F60B48-45B4-4148-B313-34139150E2D6}.Release|Win32.ActiveCfg = Release|Win32
		{72F60B48-45B4-4148-B313-34139150E2D6}.Release|Win32.Build.0 = Release|Win32
	EndGlobalSection
	GlobalSection(SolutionProperties) = preSolution
		HideSolutionNode = FALSE
	EndGlobalSection
EndGlobal
