<?xml version="1.0" encoding="utf-8"?>
<Project ToolsVersion="4.0" xmlns="http://schemas.microsoft.com/developer/msbuild/2003">
  <ItemGroup>
    <Filter Include="Source Files">
      <UniqueIdentifier>{4FC737F1-C7A5-4376-A066-2A32D752A2FF}</UniqueIdentifier>
      <Extensions>cpp;c;cc;cxx;def;odl;idl;hpj;bat;asm;asmx</Extensions>
    </Filter>
    <Filter Include="Header Files">
      <UniqueIdentifier>{93995380-89BD-4b04-88EB-625FBE52EBFB}</UniqueIdentifier>
      <Extensions>h;hpp;hxx;hm;inl;inc;xsd</Extensions>
    </Filter>
    <Filter Include="Resource Files">
      <UniqueIdentifier>{67DA6AB6-F800-4c08-8B7A-83BB121AAD01}</UniqueIdentifier>
      <Extensions>rc;ico;cur;bmp;dlg;rc2;rct;bin;rgs;gif;jpg;jpeg;jpe;resx;tiff;tif;png;wav;mfcribbon-ms</Extensions>
    </Filter>
    <Filter Include="Common Files">
      <UniqueIdentifier>{d5dc7641-d81b-47a4-8565-6bf10b92c92a}</UniqueIdentifier>
    </Filter>
  </ItemGroup>
  <ItemGroup>
    <None Include="ReadMe.txt" />
  </ItemGroup>
  <ItemGroup>
    <ClInclude Include="physicsengine\AdditionalCode.h">
      <Filter>Header Files</Filter>
    </ClInclude>
    <ClInclude Include="physicsengine\BoundingVolume.h">
      <Filter>Header Files</Filter>
    </ClInclude>
    <ClInclude Include="physicsengine\CollisionDetect.h">
      <Filter>Header Files</Filter>
    </ClInclude>
    <ClInclude Include="physicsengine\ContactResolution.h">
      <Filter>Header Files</Filter>
    </ClInclude>
    <ClInclude Include="physicsengine\Force_Generator.h">
      <Filter>Header Files</Filter>
    </ClInclude>
    <ClInclude Include="physicsengine\joints.h">
      <Filter>Header Files</Filter>
    </ClInclude>
    <ClInclude Include="physicsengine\matrix3.h">
      <Filter>Header Files</Filter>
    </ClInclude>
    <ClInclude Include="physicsengine\matrix4.h">
      <Filter>Header Files</Filter>
    </ClInclude>
    <ClInclude Include="physicsengine\particle.h">
      <Filter>Header Files</Filter>
    </ClInclude>
    <ClInclude Include="physicsengine\pcontacts.h">
      <Filter>Header Files</Filter>
    </ClInclude>
    <ClInclude Include="physicsengine\pfgen.h">
      <Filter>Header Files</Filter>
    </ClInclude>
    <ClInclude Include="physicsengine\physbody.h">
      <Filter>Header Files</Filter>
    </ClInclude>
    <ClInclude Include="physicsengine\PhysicsEngine.h">
      <Filter>Header Files</Filter>
    </ClInclude>
    <ClInclude Include="physicsengine\PhysWorld.h">
      <Filter>Header Files</Filter>
    </ClInclude>
    <ClInclude Include="physicsengine\plinks.h">
      <Filter>Header Files</Filter>
    </ClInclude>
    <ClInclude Include="physicsengine\pworld.h">
      <Filter>Header Files</Filter>
    </ClInclude>
    <ClInclude Include="physicsengine\quaternion.h">
      <Filter>Header Files</Filter>
    </ClInclude>
    <ClInclude Include="physicsengine\random.h">
      <Filter>Header Files</Filter>
    </ClInclude>
    <ClInclude Include="physicsengine\vector3d.h">
      <Filter>Header Files</Filter>
    </ClInclude>
    <ClInclude Include="..\Common Files\PhysApp.h">
      <Filter>Common Files</Filter>
    </ClInclude>
    <ClInclude Include="..\Common Files\timing.h">
      <Filter>Common Files</Filter>
    </ClInclude>
  </ItemGroup>
  <ItemGroup>
    <ClCompile Include="AdditionalCode.cpp">
      <Filter>Source Files</Filter>
    </ClCompile>
    <ClCompile Include="BoundingVolume.cpp">
      <Filter>Source Files</Filter>
    </ClCompile>
    <ClCompile Include="CollisionDetect.cpp">
      <Filter>Source Files</Filter>
    </ClCompile>
    <ClCompile Include="ContactResolution.cpp">
      <Filter>Source Files</Filter>
    </ClCompile>
    <ClCompile Include="Force_Generator.cpp">
      <Filter>Source Files</Filter>
    </ClCompile>
    <ClCompile Include="joints.cpp">
      <Filter>Source Files</Filter>
    </ClCompile>
    <ClCompile Include="particle.cpp">
      <Filter>Source Files</Filter>
    </ClCompile>
    <ClCompile Include="pcontacts.cpp">
      <Filter>Source Files</Filter>
    </ClCompile>
    <ClCompile Include="pfgen.cpp">
      <Filter>Source Files</Filter>
    </ClCompile>
    <ClCompile Include="physbody.cpp">
      <Filter>Source Files</Filter>
    </ClCompile>
    <ClCompile Include="PhysWorld.cpp">
      <Filter>Source Files</Filter>
    </ClCompile>
    <ClCompile Include="plinks.cpp">
      <Filter>Source Files</Filter>
    </ClCompile>
    <ClCompile Include="pworld.cpp">
      <Filter>Source Files</Filter>
    </ClCompile>
    <ClCompile Include="random.cpp">
      <Filter>Source Files</Filter>
    </ClCompile>
    <ClCompile Include="..\Common Files\main.cpp">
      <Filter>Common Files</Filter>
    </ClCompile>
    <ClCompile Include="..\Common Files\PhysApp.cpp">
      <Filter>Common Files</Filter>
    </ClCompile>
    <ClCompile Include="..\Common Files\timing.cpp">
      <Filter>Common Files</Filter>
    </ClCompile>
  </ItemGroup>
</Project>