<?xml version="1.0" encoding="utf-8"?>
<Project ToolsVersion="4.0" xmlns="http://schemas.microsoft.com/developer/msbuild/2003">
  <ItemGroup>
    <Filter Include="Source Files">
      <UniqueIdentifier>{4FC737F1-C7A5-4376-A066-2A32D752A2FF}</UniqueIdentifier>
      <Extensions>cpp;c;cc;cxx;def;odl;idl;hpj;bat;asm;asmx</Extensions>
    </Filter>
    <Filter Include="Header Files">
      <UniqueIdentifier>{93995380-89BD-4b04-88EB-625FBE52EBFB}</UniqueIdentifier>
      <Extensions>h;hpp;hxx;hm;inl;inc;xsd</Extensions>
    </Filter>
    <Filter Include="Resource Files">
      <UniqueIdentifier>{67DA6AB6-F800-4c08-8B7A-83BB121AAD01}</UniqueIdentifier>
      <Extensions>rc;ico;cur;bmp;dlg;rc2;rct;bin;rgs;gif;jpg;jpeg;jpe;resx;tiff;tif;png;wav;mfcribbon-ms</Extensions>
    </Filter>
    <Filter Include="Header Files\HUD">
      <UniqueIdentifier>{3a532236-fb1d-41a3-9306-20340fd07e07}</UniqueIdentifier>
    </Filter>
    <Filter Include="Source Files\HUD">
      <UniqueIdentifier>{c0904b05-738f-44bb-a3b6-4979a2ee2103}</UniqueIdentifier>
    </Filter>
    <Filter Include="Header Files\Controls">
      <UniqueIdentifier>{953a5c7a-0bdd-4686-b0e0-bd7dbb66048b}</UniqueIdentifier>
    </Filter>
    <Filter Include="Header Files\Menu">
      <UniqueIdentifier>{31cfe1f3-226f-4cf2-b498-3fec590ea007}</UniqueIdentifier>
    </Filter>
    <Filter Include="Source Files\Controls">
      <UniqueIdentifier>{b4165cc7-cfc7-4776-8353-aed2dab76b02}</UniqueIdentifier>
    </Filter>
    <Filter Include="Source Files\Menu">
      <UniqueIdentifier>{5f246f60-28d3-4b62-88be-6b229bb9d6c7}</UniqueIdentifier>
    </Filter>
  </ItemGroup>
  <ItemGroup>
    <ClInclude Include="stdafx.h">
      <Filter>Header Files</Filter>
    </ClInclude>
    <ClInclude Include="UIInterface.h">
      <Filter>Header Files</Filter>
    </ClInclude>
    <ClInclude Include="SpriteStrip.h">
      <Filter>Header Files\HUD</Filter>
    </ClInclude>
    <ClInclude Include="StatusBar.h">
      <Filter>Header Files\HUD</Filter>
    </ClInclude>
    <ClInclude Include="StatusIcon.h">
      <Filter>Header Files\HUD</Filter>
    </ClInclude>
    <ClInclude Include="TextBox.h">
      <Filter>Header Files\HUD</Filter>
    </ClInclude>
    <ClInclude Include="Inventory.h">
      <Filter>Header Files\HUD</Filter>
    </ClInclude>
    <ClInclude Include="HUDObject.h">
      <Filter>Header Files\HUD</Filter>
    </ClInclude>
    <ClInclude Include="Keyboard_Input.h">
      <Filter>Header Files\Controls</Filter>
    </ClInclude>
    <ClInclude Include="xControl.h">
      <Filter>Header Files\Controls</Filter>
    </ClInclude>
    <ClInclude Include="Menu.h">
      <Filter>Header Files\Menu</Filter>
    </ClInclude>
    <ClInclude Include="Background.h">
      <Filter>Header Files\Menu</Filter>
    </ClInclude>
  </ItemGroup>
  <ItemGroup>
    <ClCompile Include="stdafx.cpp">
      <Filter>Source Files</Filter>
    </ClCompile>
    <ClCompile Include="UI.cpp">
      <Filter>Source Files</Filter>
    </ClCompile>
    <ClCompile Include="UIInterface.cpp">
      <Filter>Source Files</Filter>
    </ClCompile>
    <ClCompile Include="Inventory.cpp">
      <Filter>Source Files\HUD</Filter>
    </ClCompile>
    <ClCompile Include="SpriteStrip.cpp">
      <Filter>Source Files\HUD</Filter>
    </ClCompile>
    <ClCompile Include="StatusBar.cpp">
      <Filter>Source Files\HUD</Filter>
    </ClCompile>
    <ClCompile Include="StatusIcon.cpp">
      <Filter>Source Files\HUD</Filter>
    </ClCompile>
    <ClCompile Include="TextBox.cpp">
      <Filter>Source Files\HUD</Filter>
    </ClCompile>
    <ClCompile Include="Keyboard_Input.cpp">
      <Filter>Source Files\Controls</Filter>
    </ClCompile>
    <ClCompile Include="xControl.cpp">
      <Filter>Source Files\Controls</Filter>
    </ClCompile>
    <ClCompile Include="Background.cpp">
      <Filter>Source Files\Menu</Filter>
    </ClCompile>
    <ClCompile Include="Menu.cpp">
      <Filter>Source Files\Menu</Filter>
    </ClCompile>
  </ItemGroup>
</Project>